
Microsoft Visual Studio Solution File, Format Version 12.00
# Visual Studio Version 17
VisualStudioVersion = 17.0.31903.59
MinimumVisualStudioVersion = 10.0.40219.1
Project("{FAE04EC0-301F-11D3-BF4B-00C04F79EFBC}") = "Back-end", "Crudnow MVC\Back-end.csproj", "{99FAAAD2-E0D2-468D-8DBF-7BD008C1E8D4}"
EndProject
Project("{FAE04EC0-301F-11D3-BF4B-00C04F79EFBC}") = "Front-end", "View\Front-end.csproj", "{F9A5F8BA-4F1B-41F0-AD6D-0BB0838F3DFC}"
EndProject
Global
	GlobalSection(SolutionConfigurationPlatforms) = preSolution
		Debug|Any CPU = Debug|Any CPU
		Release|Any CPU = Release|Any CPU
	EndGlobalSection
	GlobalSection(ProjectConfigurationPlatforms) = postSolution
		{99FAAAD2-E0D2-468D-8DBF-7BD008C1E8D4}.Debug|Any CPU.ActiveCfg = Debug|Any CPU
		{99FAAAD2-E0D2-468D-8DBF-7BD008C1E8D4}.Debug|Any CPU.Build.0 = Debug|Any CPU
		{99FAAAD2-E0D2-468D-8DBF-7BD008C1E8D4}.Release|Any CPU.ActiveCfg = Release|Any CPU
		{99FAAAD2-E0D2-468D-8DBF-7BD008C1E8D4}.Release|Any CPU.Build.0 = Release|Any CPU
		{F9A5F8BA-4F1B-41F0-AD6D-0BB0838F3DFC}.Debug|Any CPU.ActiveCfg = Debug|Any CPU
		{F9A5F8BA-4F1B-41F0-AD6D-0BB0838F3DFC}.Debug|Any CPU.Build.0 = Debug|Any CPU
		{F9A5F8BA-4F1B-41F0-AD6D-0BB0838F3DFC}.Release|Any CPU.ActiveCfg = Release|Any CPU
		{F9A5F8BA-4F1B-41F0-AD6D-0BB0838F3DFC}.Release|Any CPU.Build.0 = Release|Any CPU
	EndGlobalSection
	GlobalSection(SolutionProperties) = preSolution
		HideSolutionNode = FALSE
	EndGlobalSection
	GlobalSection(ExtensibilityGlobals) = postSolution
		SolutionGuid = {4B7FBC49-FEA1-499C-B3F5-7BB85E527AB7}
	EndGlobalSection
EndGlobal
